
Microsoft Visual Studio Solution File, Format Version 12.00
# Visual Studio Version 17
VisualStudioVersion = 17.0.31717.71
MinimumVisualStudioVersion = 10.0.40219.1
Project("{FAE04EC0-301F-11D3-BF4B-00C04F79EFBC}") = "NetCore6MvcIdentity-Demo", "NetCore6MvcIdentity-Demo\NetCore6MvcIdentity-Demo.csproj", "{CF51ECBA-8291-416F-906D-34BD919AA059}"
EndProject
Global
	GlobalSection(SolutionConfigurationPlatforms) = preSolution
		Debug|Any CPU = Debug|Any CPU
		Release|Any CPU = Release|Any CPU
	EndGlobalSection
	GlobalSection(ProjectConfigurationPlatforms) = postSolution
		{CF51ECBA-8291-416F-906D-34BD919AA059}.Debug|Any CPU.ActiveCfg = Debug|Any CPU
		{CF51ECBA-8291-416F-906D-34BD919AA059}.Debug|Any CPU.Build.0 = Debug|Any CPU
		{CF51ECBA-8291-416F-906D-34BD919AA059}.Release|Any CPU.ActiveCfg = Release|Any CPU
		{CF51ECBA-8291-416F-906D-34BD919AA059}.Release|Any CPU.Build.0 = Release|Any CPU
	EndGlobalSection
	GlobalSection(SolutionProperties) = preSolution
		HideSolutionNode = FALSE
	EndGlobalSection
	GlobalSection(ExtensibilityGlobals) = postSolution
		SolutionGuid = {407BD6BE-CBC1-4010-A236-D3AE96BF93F6}
	EndGlobalSection
EndGlobal
